Microsoft Visual Studio Solution File, Format Version 11.00
# Visual Studio 2008

Project("{DCCCADF3-8DBC-05AF-1FCB-F54FBC71804E}") = "hoteltest", "Assembly-CSharp-firstpass.csproj", "{15415435-8E79-E8FD-7D4C-70A970CB827B}"
EndProject
Project("{DCCCADF3-8DBC-05AF-1FCB-F54FBC71804E}") = "hoteltest", "Assembly-CSharp.csproj", "{10C5D0CA-4191-283F-C1C4-33CB454C55D5}"
EndProject
Project("{DCCCADF3-8DBC-05AF-1FCB-F54FBC71804E}") = "hoteltest", "Assembly-CSharp-Editor.csproj", "{02D2ADA0-C45F-24A2-03FB-4C3826F27873}"
EndProject
Global
	GlobalSection(SolutionConfigurationPlatforms) = preSolution
		Debug|Any CPU = Debug|Any CPU
		Release|Any CPU = Release|Any CPU
	EndGlobalSection
	GlobalSection(ProjectConfigurationPlatforms) = postSolution
		{15415435-8E79-E8FD-7D4C-70A970CB827B}.Debug|Any CPU.ActiveCfg = Debug|Any CPU
		{15415435-8E79-E8FD-7D4C-70A970CB827B}.Debug|Any CPU.Build.0 = Debug|Any CPU
		{15415435-8E79-E8FD-7D4C-70A970CB827B}.Release|Any CPU.ActiveCfg = Release|Any CPU
		{15415435-8E79-E8FD-7D4C-70A970CB827B}.Release|Any CPU.Build.0 = Release|Any CPU
		{10C5D0CA-4191-283F-C1C4-33CB454C55D5}.Debug|Any CPU.ActiveCfg = Debug|Any CPU
		{10C5D0CA-4191-283F-C1C4-33CB454C55D5}.Debug|Any CPU.Build.0 = Debug|Any CPU
		{10C5D0CA-4191-283F-C1C4-33CB454C55D5}.Release|Any CPU.ActiveCfg = Release|Any CPU
		{10C5D0CA-4191-283F-C1C4-33CB454C55D5}.Release|Any CPU.Build.0 = Release|Any CPU
		{02D2ADA0-C45F-24A2-03FB-4C3826F27873}.Debug|Any CPU.ActiveCfg = Debug|Any CPU
		{02D2ADA0-C45F-24A2-03FB-4C3826F27873}.Debug|Any CPU.Build.0 = Debug|Any CPU
		{02D2ADA0-C45F-24A2-03FB-4C3826F27873}.Release|Any CPU.ActiveCfg = Release|Any CPU
		{02D2ADA0-C45F-24A2-03FB-4C3826F27873}.Release|Any CPU.Build.0 = Release|Any CPU
	EndGlobalSection
	GlobalSection(SolutionProperties) = preSolution
		HideSolutionNode = FALSE
	EndGlobalSection
	GlobalSection(MonoDevelopProperties) = preSolution
		StartupItem = Assembly-CSharp.csproj
	EndGlobalSection
EndGlobal
